{
  "name": "eosjs-nutshell",
  "version": "0.0.1",
  "lockfileVersion": 1,
  "requires": true,
  "dependencies": {
    "babel-runtime": {
      "version": "6.26.0",
      "resolved": "http://registry.npm.taobao.org/babel-runtime/download/babel-runtime-6.26.0.tgz",
      "integrity": "sha1-llxwWGaOgrVde/4E/yM3vItWR/4=",
      "requires": {
        "core-js": "^2.4.0",
        "regenerator-runtime": "^0.11.0"
      }
    },
    "base-x": {
      "version": "3.0.5",
      "resolved": "https://registry.npm.taobao.org/base-x/download/base-x-3.0.5.tgz",
      "integrity": "sha1-062lmv7QW5IatYHsMRLmREugeVo=",
      "requires": {
        "safe-buffer": "^5.0.1"
      }
    },
    "bigi": {
      "version": "1.4.2",
      "resolved": "https://registry.npm.taobao.org/bigi/download/bigi-1.4.2.tgz",
      "integrity": "sha1-nGZalfiLiwj8Bc/XMfVhhZ1yWCU="
    },
    "browserify-aes": {
      "version": "1.2.0",
      "resolved": "http://registry.npm.taobao.org/browserify-aes/download/browserify-aes-1.2.0.tgz",
      "integrity": "sha1-Mmc0ZC9APavDADIJhTu3CtQo70g=",
      "requires": {
        "buffer-xor": "^1.0.3",
        "cipher-base": "^1.0.0",
        "create-hash": "^1.1.0",
        "evp_bytestokey": "^1.0.3",
        "inherits": "^2.0.1",
        "safe-buffer": "^5.0.1"
      }
    },
    "bs58": {
      "version": "4.0.1",
      "resolved": "https://registry.npm.taobao.org/bs58/download/bs58-4.0.1.tgz",
      "integrity": "sha1-vhYedsNU9veIrkBx9j806MTwpCo=",
      "requires": {
        "base-x": "^3.0.2"
      }
    },
    "buffer-xor": {
      "version": "1.0.3",
      "resolved": "http://registry.npm.taobao.org/buffer-xor/download/buffer-xor-1.0.3.tgz",
      "integrity": "sha1-JuYe0UIvtw3ULm42cp7VHYVf6Nk="
    },
    "bytebuffer": {
      "version": "5.0.1",
      "resolved": "https://registry.npm.taobao.org/bytebuffer/download/bytebuffer-5.0.1.tgz",
      "integrity": "sha1-WC7qSxqHO20CCkjVjfhfC7ps/d0=",
      "requires": {
        "long": "~3"
      }
    },
    "cipher-base": {
      "version": "1.0.4",
      "resolved": "http://registry.npm.taobao.org/cipher-base/download/cipher-base-1.0.4.tgz",
      "integrity": "sha1-h2Dk7MJy9MNjUy+SbYdKriwTl94=",
      "requires": {
        "inherits": "^2.0.1",
        "safe-buffer": "^5.0.1"
      }
    },
    "core-js": {
      "version": "2.6.5",
      "resolved": "https://registry.npm.taobao.org/core-js/download/core-js-2.6.5.tgz",
      "integrity": "sha1-RLyNJJ5/sv9dAOA0Gn/7lPv2eJU="
    },
    "create-hash": {
      "version": "1.2.0",
      "resolved": "http://registry.npm.taobao.org/create-hash/download/create-hash-1.2.0.tgz",
      "integrity": "sha1-iJB4rxGmN1a8+1m9IhmWvjqe8ZY=",
      "requires": {
        "cipher-base": "^1.0.1",
        "inherits": "^2.0.1",
        "md5.js": "^1.3.4",
        "ripemd160": "^2.0.1",
        "sha.js": "^2.4.0"
      }
    },
    "create-hmac": {
      "version": "1.1.7",
      "resolved": "http://registry.npm.taobao.org/create-hmac/download/create-hmac-1.1.7.tgz",
      "integrity": "sha1-aRcMeLOrlXFHsriwRXLkfq0iQ/8=",
      "requires": {
        "cipher-base": "^1.0.3",
        "create-hash": "^1.1.0",
        "inherits": "^2.0.1",
        "ripemd160": "^2.0.0",
        "safe-buffer": "^5.0.1",
        "sha.js": "^2.4.8"
      }
    },
    "ecurve": {
      "version": "1.0.6",
      "resolved": "https://registry.npm.taobao.org/ecurve/download/ecurve-1.0.6.tgz",
      "integrity": "sha1-39q7txSfjYt4gWvlp9W4P89t55c=",
      "requires": {
        "bigi": "^1.1.0",
        "safe-buffer": "^5.0.1"
      }
    },
    "eosjs": {
      "version": "20.0.0",
      "resolved": "https://registry.npm.taobao.org/eosjs/download/eosjs-20.0.0.tgz",
      "integrity": "sha1-Q5QKv+Fc0ZHOQCfWApQDbpFGE+k=",
      "requires": {
        "babel-runtime": "6.26.0",
        "eosjs-ecc": "4.0.4",
        "text-encoding": "0.7.0"
      }
    },
    "eosjs-ecc": {
      "version": "4.0.4",
      "resolved": "https://registry.npm.taobao.org/eosjs-ecc/download/eosjs-ecc-4.0.4.tgz",
      "integrity": "sha1-QxRQ8wpvcwiP9de6Hr3+lnpcpKs=",
      "requires": {
        "bigi": "^1.4.2",
        "browserify-aes": "^1.0.6",
        "bs58": "^4.0.1",
        "bytebuffer": "^5.0.1",
        "create-hash": "^1.1.3",
        "create-hmac": "^1.1.6",
        "ecurve": "^1.0.5",
        "randombytes": "^2.0.5"
      }
    },
    "evp_bytestokey": {
      "version": "1.0.3",
      "resolved": "http://registry.npm.taobao.org/evp_bytestokey/download/evp_bytestokey-1.0.3.tgz",
      "integrity": "sha1-f8vbGY3HGVlDLv4ThCaE4FJaywI=",
      "requires": {
        "md5.js": "^1.3.4",
        "safe-buffer": "^5.1.1"
      }
    },
    "hash-base": {
      "version": "3.0.4",
      "resolved": "http://registry.npm.taobao.org/hash-base/download/hash-base-3.0.4.tgz",
      "integrity": "sha1-X8hoaEfs1zSZQDMZprCj8/auSRg=",
      "requires": {
        "inherits": "^2.0.1",
        "safe-buffer": "^5.0.1"
      }
    },
    "inherits": {
      "version": "2.0.3",
      "resolved": "http://registry.npm.taobao.org/inherits/download/inherits-2.0.3.tgz",
      "integrity": "sha1-Yzwsg+PaQqUC9SRmAiSA9CCCYd4="
    },
    "long": {
      "version": "3.2.0",
      "resolved": "http://registry.npm.taobao.org/long/download/long-3.2.0.tgz",
      "integrity": "sha1-2CG3E4yhy1gcFymQ7xTbIAtcR0s="
    },
    "md5.js": {
      "version": "1.3.5",
      "resolved": "http://registry.npm.taobao.org/md5.js/download/md5.js-1.3.5.tgz",
      "integrity": "sha1-tdB7jjIW4+J81yjXL3DR5qNCAF8=",
      "requires": {
        "hash-base": "^3.0.0",
        "inherits": "^2.0.1",
        "safe-buffer": "^5.1.2"
      }
    },
    "node-fetch": {
      "version": "2.6.0",
      "resolved": "https://registry.npm.taobao.org/node-fetch/download/node-fetch-2.6.0.tgz",
      "integrity": "sha1-5jNFY4bUqlWGP2dqerDaqP3ssP0="
    },
    "randombytes": {
      "version": "2.1.0",
      "resolved": "http://registry.npm.taobao.org/randombytes/download/randombytes-2.1.0.tgz",
      "integrity": "sha1-32+ENy8CcNxlzfYpE0mrekc9Tyo=",
      "requires": {
        "safe-buffer": "^5.1.0"
      }
    },
    "regenerator-runtime": {
      "version": "0.11.1",
      "resolved": "http://registry.npm.taobao.org/regenerator-runtime/download/regenerator-runtime-0.11.1.tgz",
      "integrity": "sha1-vgWtf5v30i4Fb5cmzuUBf78Z4uk="
    },
    "ripemd160": {
      "version": "2.0.2",
      "resolved": "http://registry.npm.taobao.org/ripemd160/download/ripemd160-2.0.2.tgz",
      "integrity": "sha1-ocGm9iR1FXe6XQeRTLyShQWFiQw=",
      "requires": {
        "hash-base": "^3.0.0",
        "inherits": "^2.0.1"
      }
    },
    "safe-buffer": {
      "version": "5.1.2",
      "resolved": "http://registry.npm.taobao.org/safe-buffer/download/safe-buffer-5.1.2.tgz",
      "integrity": "sha1-mR7GnSluAxN0fVm9/St0XDX4go0="
    },
    "sha.js": {
      "version": "2.4.11",
      "resolved": "http://registry.npm.taobao.org/sha.js/download/sha.js-2.4.11.tgz",
      "integrity": "sha1-N6XPC4HsvGlD3hCbopYNGyZYSuc=",
      "requires": {
        "inherits": "^2.0.1",
        "safe-buffer": "^5.0.1"
      }
    },
    "text-encoding": {
      "version": "0.7.0",
      "resolved": "https://registry.npm.taobao.org/text-encoding/download/text-encoding-0.7.0.tgz",
      "integrity": "sha1-+JXoNuRZkGJAhmAXmOqY6PNu5kM="
    }
  }
}
